{
  "name": "@mayajs/common",
  "version": "0.6.0",
  "lockfileVersion": 2,
  "requires": true,
  "packages": {
    "": {
      "name": "@mayajs/common",
      "version": "0.6.0",
      "license": "MIT",
      "dependencies": {
        "reflect-metadata": "^0.1.13"
      },
      "devDependencies": {
        "@mayajs/router": "^0.5.6",
        "@types/node": "^14.14.40",
        "typescript": "^3.9.9"
      }
    },
    "node_modules/@mayajs/router": {
      "version": "0.5.6",
      "resolved": "https://registry.npmjs.org/@mayajs/router/-/router-0.5.6.tgz",
      "integrity": "sha512-f3NKtOgN4Hk2Vw5VlpN7x2B+hNKORI8KjDECXkmICiZ1UPvEkc1vg9tvF718F/V6UtopZivG/8fiT4zt1xgaMA==",
      "dev": true,
      "engines": {
        "node": ">= 0.10.0"
      }
    },
    "node_modules/@types/node": {
      "version": "14.14.40",
      "resolved": "https://registry.npmjs.org/@types/node/-/node-14.14.40.tgz",
      "integrity": "sha512-2HoZZGylcnz19ZSbvWhgWHqvprw1ZGHanxIrDWYykPD4CauLW4gcyLzCVfUN2kv/1t1F3CurQIdi+s1l9+XgEA==",
      "dev": true
    },
    "node_modules/reflect-metadata": {
      "version": "0.1.13",
      "resolved": "https://registry.npmjs.org/reflect-metadata/-/reflect-metadata-0.1.13.tgz",
      "integrity": "sha512-Ts1Y/anZELhSsjMcU605fU9RE4Oi3p5ORujwbIKXfWa+0Zxs510Qrmrce5/Jowq3cHSZSJqBjypxmHarc+vEWg=="
    },
    "node_modules/typescript": {
      "version": "3.9.9",
      "resolved": "https://registry.npmjs.org/typescript/-/typescript-3.9.9.tgz",
      "integrity": "sha512-kdMjTiekY+z/ubJCATUPlRDl39vXYiMV9iyeMuEuXZh2we6zz80uovNN2WlAxmmdE/Z/YQe+EbOEXB5RHEED3w==",
      "dev": true,
      "bin": {
        "tsc": "bin/tsc",
        "tsserver": "bin/tsserver"
      },
      "engines": {
        "node": ">=4.2.0"
      }
    }
  },
  "dependencies": {
    "@mayajs/router": {
      "version": "0.5.6",
      "resolved": "https://registry.npmjs.org/@mayajs/router/-/router-0.5.6.tgz",
      "integrity": "sha512-f3NKtOgN4Hk2Vw5VlpN7x2B+hNKORI8KjDECXkmICiZ1UPvEkc1vg9tvF718F/V6UtopZivG/8fiT4zt1xgaMA==",
      "dev": true
    },
    "@types/node": {
      "version": "14.14.40",
      "resolved": "https://registry.npmjs.org/@types/node/-/node-14.14.40.tgz",
      "integrity": "sha512-2HoZZGylcnz19ZSbvWhgWHqvprw1ZGHanxIrDWYykPD4CauLW4gcyLzCVfUN2kv/1t1F3CurQIdi+s1l9+XgEA==",
      "dev": true
    },
    "reflect-metadata": {
      "version": "0.1.13",
      "resolved": "https://registry.npmjs.org/reflect-metadata/-/reflect-metadata-0.1.13.tgz",
      "integrity": "sha512-Ts1Y/anZELhSsjMcU605fU9RE4Oi3p5ORujwbIKXfWa+0Zxs510Qrmrce5/Jowq3cHSZSJqBjypxmHarc+vEWg=="
    },
    "typescript": {
      "version": "3.9.9",
      "resolved": "https://registry.npmjs.org/typescript/-/typescript-3.9.9.tgz",
      "integrity": "sha512-kdMjTiekY+z/ubJCATUPlRDl39vXYiMV9iyeMuEuXZh2we6zz80uovNN2WlAxmmdE/Z/YQe+EbOEXB5RHEED3w==",
      "dev": true
    }
  }
}
