{
  "name": "@mayajs/common",
  "version": "0.4.0-rc1",
  "lockfileVersion": 1,
  "requires": true,
  "dependencies": {
    "@mayajs/router": {
      "version": "0.3.0",
      "resolved": "https://registry.npmjs.org/@mayajs/router/-/router-0.3.0.tgz",
      "integrity": "sha512-TXFMy2/zHwZ7fu3lfgH4C8rOYnuJwubbWDvFCHE0zNOkXbzcJjmiR1toUwQR5obmpe5cJTrMpvKkkIKB5HLKag==",
      "dev": true
    },
    "reflect-metadata": {
      "version": "0.1.13",
      "resolved": "https://registry.npmjs.org/reflect-metadata/-/reflect-metadata-0.1.13.tgz",
      "integrity": "sha512-Ts1Y/anZELhSsjMcU605fU9RE4Oi3p5ORujwbIKXfWa+0Zxs510Qrmrce5/Jowq3cHSZSJqBjypxmHarc+vEWg==",
      "dev": true
    },
    "typescript": {
      "version": "3.9.9",
      "resolved": "https://registry.npmjs.org/typescript/-/typescript-3.9.9.tgz",
      "integrity": "sha512-kdMjTiekY+z/ubJCATUPlRDl39vXYiMV9iyeMuEuXZh2we6zz80uovNN2WlAxmmdE/Z/YQe+EbOEXB5RHEED3w==",
      "dev": true
    }
  }
}
