{
  "name": "@mayajs/common",
  "version": "0.5.0-rc1",
  "lockfileVersion": 1,
  "requires": true,
  "dependencies": {
    "@mayajs/router": {
      "version": "0.4.0",
      "resolved": "https://registry.npmjs.org/@mayajs/router/-/router-0.4.0.tgz",
      "integrity": "sha512-ByZDb0NDg9r1HUWiU/3A4kB1k/ip+jw1kTM8tP3USz4jOdy3lwJgVWyJI/803NK/4bAb3HIKXeFtKWLnc7Qhwg==",
      "dev": true
    },
    "@types/node": {
      "version": "14.14.40",
      "resolved": "https://registry.npmjs.org/@types/node/-/node-14.14.40.tgz",
      "integrity": "sha512-2HoZZGylcnz19ZSbvWhgWHqvprw1ZGHanxIrDWYykPD4CauLW4gcyLzCVfUN2kv/1t1F3CurQIdi+s1l9+XgEA==",
      "dev": true
    },
    "reflect-metadata": {
      "version": "0.1.13",
      "resolved": "https://registry.npmjs.org/reflect-metadata/-/reflect-metadata-0.1.13.tgz",
      "integrity": "sha512-Ts1Y/anZELhSsjMcU605fU9RE4Oi3p5ORujwbIKXfWa+0Zxs510Qrmrce5/Jowq3cHSZSJqBjypxmHarc+vEWg==",
      "dev": true
    },
    "typescript": {
      "version": "3.9.9",
      "resolved": "https://registry.npmjs.org/typescript/-/typescript-3.9.9.tgz",
      "integrity": "sha512-kdMjTiekY+z/ubJCATUPlRDl39vXYiMV9iyeMuEuXZh2we6zz80uovNN2WlAxmmdE/Z/YQe+EbOEXB5RHEED3w==",
      "dev": true
    }
  }
}
